
Microsoft Visual Studio Solution File, Format Version 12.00
Project("{FAE04EC0-301F-11D3-BF4B-00C04F79EFBC}") = "GatewayService.Server", "GatewayService.Server\GatewayService.Server.csproj", "{EF26DCDF-0074-403C-AFDB-21BB00F52C84}"
EndProject
Project("{FAE04EC0-301F-11D3-BF4B-00C04F79EFBC}") = "GatewayService.CircuitBreaker", "GatewayService.CircuitBreaker\GatewayService.CircuitBreaker.csproj", "{424B6B44-BFC8-4C97-951E-799E6E8F7AA8}"
EndProject
Project("{FAE04EC0-301F-11D3-BF4B-00C04F79EFBC}") = "GatewayService.RetryQueue", "GatewayService.RetryQueue\GatewayService.RetryQueue.csproj", "{587CE265-D95E-44D7-98BB-42B83CBAD1A4}"
EndProject
Project("{FAE04EC0-301F-11D3-BF4B-00C04F79EFBC}") = "GatewayService.AuthService", "GatewayService.AuthService\GatewayService.AuthService.csproj", "{7AE2BA86-5544-4470-9C97-359A4C97B9FC}"
EndProject
Global
	GlobalSection(SolutionConfigurationPlatforms) = preSolution
		Debug|Any CPU = Debug|Any CPU
		Release|Any CPU = Release|Any CPU
	EndGlobalSection
	GlobalSection(ProjectConfigurationPlatforms) = postSolution
		{EF26DCDF-0074-403C-AFDB-21BB00F52C84}.Debug|Any CPU.ActiveCfg = Debug|Any CPU
		{EF26DCDF-0074-403C-AFDB-21BB00F52C84}.Debug|Any CPU.Build.0 = Debug|Any CPU
		{EF26DCDF-0074-403C-AFDB-21BB00F52C84}.Release|Any CPU.ActiveCfg = Release|Any CPU
		{EF26DCDF-0074-403C-AFDB-21BB00F52C84}.Release|Any CPU.Build.0 = Release|Any CPU
		{424B6B44-BFC8-4C97-951E-799E6E8F7AA8}.Debug|Any CPU.ActiveCfg = Debug|Any CPU
		{424B6B44-BFC8-4C97-951E-799E6E8F7AA8}.Debug|Any CPU.Build.0 = Debug|Any CPU
		{424B6B44-BFC8-4C97-951E-799E6E8F7AA8}.Release|Any CPU.ActiveCfg = Release|Any CPU
		{424B6B44-BFC8-4C97-951E-799E6E8F7AA8}.Release|Any CPU.Build.0 = Release|Any CPU
		{587CE265-D95E-44D7-98BB-42B83CBAD1A4}.Debug|Any CPU.ActiveCfg = Debug|Any CPU
		{587CE265-D95E-44D7-98BB-42B83CBAD1A4}.Debug|Any CPU.Build.0 = Debug|Any CPU
		{587CE265-D95E-44D7-98BB-42B83CBAD1A4}.Release|Any CPU.ActiveCfg = Release|Any CPU
		{587CE265-D95E-44D7-98BB-42B83CBAD1A4}.Release|Any CPU.Build.0 = Release|Any CPU
		{7AE2BA86-5544-4470-9C97-359A4C97B9FC}.Debug|Any CPU.ActiveCfg = Debug|Any CPU
		{7AE2BA86-5544-4470-9C97-359A4C97B9FC}.Debug|Any CPU.Build.0 = Debug|Any CPU
		{7AE2BA86-5544-4470-9C97-359A4C97B9FC}.Release|Any CPU.ActiveCfg = Release|Any CPU
		{7AE2BA86-5544-4470-9C97-359A4C97B9FC}.Release|Any CPU.Build.0 = Release|Any CPU
	EndGlobalSection
	GlobalSection(NestedProjects) = preSolution
	EndGlobalSection
EndGlobal
